
Microsoft Visual Studio Solution File, Format Version 12.00
# Visual Studio Version 17
VisualStudioVersion = 17.13.35931.197
MinimumVisualStudioVersion = 10.0.40219.1
Project("{FAE04EC0-301F-11D3-BF4B-00C04F79EFBC}") = "Parkrun", "Parkrun\Parkrun.csproj", "{66C40721-4335-4105-A87A-1D4050DD2526}"
EndProject
Global
	GlobalSection(SolutionConfigurationPlatforms) = preSolution
		Debug|Any CPU = Debug|Any CPU
		Release|Any CPU = Release|Any CPU
	EndGlobalSection
	GlobalSection(ProjectConfigurationPlatforms) = postSolution
		{66C40721-4335-4105-A87A-1D4050DD2526}.Debug|Any CPU.ActiveCfg = Debug|Any CPU
		{66C40721-4335-4105-A87A-1D4050DD2526}.Debug|Any CPU.Build.0 = Debug|Any CPU
		{66C40721-4335-4105-A87A-1D4050DD2526}.Debug|Any CPU.Deploy.0 = Debug|Any CPU
		{66C40721-4335-4105-A87A-1D4050DD2526}.Release|Any CPU.ActiveCfg = Release|Any CPU
		{66C40721-4335-4105-A87A-1D4050DD2526}.Release|Any CPU.Build.0 = Release|Any CPU
	EndGlobalSection
	GlobalSection(SolutionProperties) = preSolution
		HideSolutionNode = FALSE
	EndGlobalSection
	GlobalSection(ExtensibilityGlobals) = postSolution
		SolutionGuid = {72960320-CFC6-4795-8110-DF5463685494}
	EndGlobalSection
EndGlobal
